
Microsoft Visual Studio Solution File, Format Version 12.00
# Visual Studio Version 16
VisualStudioVersion = 16.0.30523.141
MinimumVisualStudioVersion = 10.0.40219.1
Project("{FAE04EC0-301F-11D3-BF4B-00C04F79EFBC}") = "UI", "QuirogaAssat2parcial\UI.csproj", "{635627AD-2519-43CA-AEEF-B96558E7AA1E}"
EndProject
Project("{FAE04EC0-301F-11D3-BF4B-00C04F79EFBC}") = "BE", "BE\BE.csproj", "{2DDA6CB9-3E77-45F7-A12B-7C6F5797077D}"
EndProject
Project("{FAE04EC0-301F-11D3-BF4B-00C04F79EFBC}") = "BLL", "BLL\BLL.csproj", "{73D180CA-EB82-491D-BFB3-0255601A2B44}"
EndProject
Project("{FAE04EC0-301F-11D3-BF4B-00C04F79EFBC}") = "DAL", "DAL\DAL.csproj", "{4A06FF19-B9E2-49E0-98D1-F35139410743}"
EndProject
Global
	GlobalSection(SolutionConfigurationPlatforms) = preSolution
		Debug|Any CPU = Debug|Any CPU
		Release|Any CPU = Release|Any CPU
	EndGlobalSection
	GlobalSection(ProjectConfigurationPlatforms) = postSolution
		{635627AD-2519-43CA-AEEF-B96558E7AA1E}.Debug|Any CPU.ActiveCfg = Debug|Any CPU
		{635627AD-2519-43CA-AEEF-B96558E7AA1E}.Debug|Any CPU.Build.0 = Debug|Any CPU
		{635627AD-2519-43CA-AEEF-B96558E7AA1E}.Release|Any CPU.ActiveCfg = Release|Any CPU
		{635627AD-2519-43CA-AEEF-B96558E7AA1E}.Release|Any CPU.Build.0 = Release|Any CPU
		{2DDA6CB9-3E77-45F7-A12B-7C6F5797077D}.Debug|Any CPU.ActiveCfg = Debug|Any CPU
		{2DDA6CB9-3E77-45F7-A12B-7C6F5797077D}.Debug|Any CPU.Build.0 = Debug|Any CPU
		{2DDA6CB9-3E77-45F7-A12B-7C6F5797077D}.Release|Any CPU.ActiveCfg = Release|Any CPU
		{2DDA6CB9-3E77-45F7-A12B-7C6F5797077D}.Release|Any CPU.Build.0 = Release|Any CPU
		{73D180CA-EB82-491D-BFB3-0255601A2B44}.Debug|Any CPU.ActiveCfg = Debug|Any CPU
		{73D180CA-EB82-491D-BFB3-0255601A2B44}.Debug|Any CPU.Build.0 = Debug|Any CPU
		{73D180CA-EB82-491D-BFB3-0255601A2B44}.Release|Any CPU.ActiveCfg = Release|Any CPU
		{73D180CA-EB82-491D-BFB3-0255601A2B44}.Release|Any CPU.Build.0 = Release|Any CPU
		{4A06FF19-B9E2-49E0-98D1-F35139410743}.Debug|Any CPU.ActiveCfg = Debug|Any CPU
		{4A06FF19-B9E2-49E0-98D1-F35139410743}.Debug|Any CPU.Build.0 = Debug|Any CPU
		{4A06FF19-B9E2-49E0-98D1-F35139410743}.Release|Any CPU.ActiveCfg = Release|Any CPU
		{4A06FF19-B9E2-49E0-98D1-F35139410743}.Release|Any CPU.Build.0 = Release|Any CPU
	EndGlobalSection
	GlobalSection(SolutionProperties) = preSolution
		HideSolutionNode = FALSE
	EndGlobalSection
	GlobalSection(ExtensibilityGlobals) = postSolution
		SolutionGuid = {FD9EFD81-2ADC-4F4D-B284-96E7869EDB33}
	EndGlobalSection
EndGlobal
